
Microsoft Visual Studio Solution File, Format Version 12.00
# Visual Studio Version 17
VisualStudioVersion = 17.4.33213.308
MinimumVisualStudioVersion = 10.0.40219.1
Project("{9A19103F-16F7-4668-BE54-9A1E7A4F7556}") = "WeatherDesktop", "WeatherDesktop\WeatherDesktop.csproj", "{F39892B5-71AF-49C1-BA80-2BF9038C8A1B}"
EndProject
Project("{9A19103F-16F7-4668-BE54-9A1E7A4F7556}") = "WeatherBackendBefore", "Before\WeatherBackend\WeatherBackendBefore.csproj", "{6651F5C4-44A6-41F9-A66C-642B918CBF22}"
EndProject
Project("{9A19103F-16F7-4668-BE54-9A1E7A4F7556}") = "WeatherBackendAfter", "After\WeatherBackend\WeatherBackendAfter.csproj", "{06E8EFA8-D36E-41FD-860F-3444F96CCDA7}"
EndProject
Global
	GlobalSection(SolutionConfigurationPlatforms) = preSolution
		Debug|Any CPU = Debug|Any CPU
		Release|Any CPU = Release|Any CPU
	EndGlobalSection
	GlobalSection(ProjectConfigurationPlatforms) = postSolution
		{F39892B5-71AF-49C1-BA80-2BF9038C8A1B}.Debug|Any CPU.ActiveCfg = Debug|Any CPU
		{F39892B5-71AF-49C1-BA80-2BF9038C8A1B}.Debug|Any CPU.Build.0 = Debug|Any CPU
		{F39892B5-71AF-49C1-BA80-2BF9038C8A1B}.Release|Any CPU.ActiveCfg = Release|Any CPU
		{F39892B5-71AF-49C1-BA80-2BF9038C8A1B}.Release|Any CPU.Build.0 = Release|Any CPU
		{6651F5C4-44A6-41F9-A66C-642B918CBF22}.Debug|Any CPU.ActiveCfg = Debug|Any CPU
		{6651F5C4-44A6-41F9-A66C-642B918CBF22}.Debug|Any CPU.Build.0 = Debug|Any CPU
		{6651F5C4-44A6-41F9-A66C-642B918CBF22}.Release|Any CPU.ActiveCfg = Release|Any CPU
		{6651F5C4-44A6-41F9-A66C-642B918CBF22}.Release|Any CPU.Build.0 = Release|Any CPU
		{06E8EFA8-D36E-41FD-860F-3444F96CCDA7}.Debug|Any CPU.ActiveCfg = Debug|Any CPU
		{06E8EFA8-D36E-41FD-860F-3444F96CCDA7}.Debug|Any CPU.Build.0 = Debug|Any CPU
		{06E8EFA8-D36E-41FD-860F-3444F96CCDA7}.Release|Any CPU.ActiveCfg = Release|Any CPU
		{06E8EFA8-D36E-41FD-860F-3444F96CCDA7}.Release|Any CPU.Build.0 = Release|Any CPU
	EndGlobalSection
	GlobalSection(SolutionProperties) = preSolution
		HideSolutionNode = FALSE
	EndGlobalSection
	GlobalSection(ExtensibilityGlobals) = postSolution
		SolutionGuid = {F87A6CDF-2B89-4702-AF65-38B9EEC87846}
	EndGlobalSection
EndGlobal
